
Microsoft Visual Studio Solution File, Format Version 12.00
# Visual Studio Version 17
VisualStudioVersion = 17.0.31717.71
MinimumVisualStudioVersion = 10.0.40219.1
Project("{FAE04EC0-301F-11D3-BF4B-00C04F79EFBC}") = "LobbySpawnpoint", "LobbySpawnpoint.csproj", "{FA03CBC6-9142-470A-A1B5-ACF9F5E1394A}"
EndProject
Global
	GlobalSection(SolutionConfigurationPlatforms) = preSolution
		Debug|Any CPU = Debug|Any CPU
		Release|Any CPU = Release|Any CPU
	EndGlobalSection
	GlobalSection(ProjectConfigurationPlatforms) = postSolution
		{FA03CBC6-9142-470A-A1B5-ACF9F5E1394A}.Debug|Any CPU.ActiveCfg = Debug|Any CPU
		{FA03CBC6-9142-470A-A1B5-ACF9F5E1394A}.Debug|Any CPU.Build.0 = Debug|Any CPU
		{FA03CBC6-9142-470A-A1B5-ACF9F5E1394A}.Release|Any CPU.ActiveCfg = Release|Any CPU
		{FA03CBC6-9142-470A-A1B5-ACF9F5E1394A}.Release|Any CPU.Build.0 = Release|Any CPU
	EndGlobalSection
	GlobalSection(SolutionProperties) = preSolution
		HideSolutionNode = FALSE
	EndGlobalSection
	GlobalSection(ExtensibilityGlobals) = postSolution
		SolutionGuid = {88F322C2-6926-419E-B56B-CF31E46141D8}
	EndGlobalSection
EndGlobal
